
Microsoft Visual Studio Solution File, Format Version 11.00
# Visual Studio 2010
Project("{FAE04EC0-301F-11D3-BF4B-00C04F79EFBC}") = "Yacq", "Yacq\Yacq.csproj", "{AF21A720-B805-4F95-B872-068925A11BB5}"
EndProject
Global
	GlobalSection(SolutionConfigurationPlatforms) = preSolution
		Debug|Any CPU = Debug|Any CPU
		Release|Any CPU = Release|Any CPU
		Description = Yet Another Compilable Querying Language, based on Expression Trees API
	EndGlobalSection
	GlobalSection(ProjectConfigurationPlatforms) = postSolution
		{AF21A720-B805-4F95-B872-068925A11BB5}.Debug|Any CPU.ActiveCfg = Debug|Any CPU
		{AF21A720-B805-4F95-B872-068925A11BB5}.Debug|Any CPU.Build.0 = Debug|Any CPU
		{AF21A720-B805-4F95-B872-068925A11BB5}.Release|Any CPU.ActiveCfg = Release|Any CPU
		{AF21A720-B805-4F95-B872-068925A11BB5}.Release|Any CPU.Build.0 = Release|Any CPU
	EndGlobalSection
	GlobalSection(SolutionProperties) = preSolution
		HideSolutionNode = FALSE
	EndGlobalSection
EndGlobal
